
Microsoft Visual Studio Solution File, Format Version 12.00
# Visual Studio Version 16
VisualStudioVersion = 16.0.29609.76
MinimumVisualStudioVersion = 10.0.40219.1
Project("{FAE04EC0-301F-11D3-BF4B-00C04F79EFBC}") = "StateMachineSaga", "StateMachineSaga\StateMachineSaga.csproj", "{45316EA4-8D96-4BF7-9E9A-19838E21D4A8}"
EndProject
Project("{FAE04EC0-301F-11D3-BF4B-00C04F79EFBC}") = "JobStateMachine", "..\JobStateMachine\JobStateMachine.csproj", "{BD1DA964-716E-4F93-9F59-EEF6515E4213}"
EndProject
Project("{FAE04EC0-301F-11D3-BF4B-00C04F79EFBC}") = "JobRequest", "..\JobRequest\JobRequest.csproj", "{EE43759D-C302-4502-BF0F-502C86197158}"
EndProject
Project("{FAE04EC0-301F-11D3-BF4B-00C04F79EFBC}") = "StartProcess", "..\StartProcess\StartProcess.csproj", "{9ABBD1EB-B89D-4891-B412-565C99D8E59B}"
EndProject
Project("{FAE04EC0-301F-11D3-BF4B-00C04F79EFBC}") = "JobCreated", "..\JobCreated\JobCreated.csproj", "{0F7CE51D-B460-4E19-9466-AE14B8EB2251}"
EndProject
Global
	GlobalSection(SolutionConfigurationPlatforms) = preSolution
		Debug|Any CPU = Debug|Any CPU
		Release|Any CPU = Release|Any CPU
	EndGlobalSection
	GlobalSection(ProjectConfigurationPlatforms) = postSolution
		{45316EA4-8D96-4BF7-9E9A-19838E21D4A8}.Debug|Any CPU.ActiveCfg = Debug|Any CPU
		{45316EA4-8D96-4BF7-9E9A-19838E21D4A8}.Debug|Any CPU.Build.0 = Debug|Any CPU
		{45316EA4-8D96-4BF7-9E9A-19838E21D4A8}.Release|Any CPU.ActiveCfg = Release|Any CPU
		{45316EA4-8D96-4BF7-9E9A-19838E21D4A8}.Release|Any CPU.Build.0 = Release|Any CPU
		{BD1DA964-716E-4F93-9F59-EEF6515E4213}.Debug|Any CPU.ActiveCfg = Debug|Any CPU
		{BD1DA964-716E-4F93-9F59-EEF6515E4213}.Debug|Any CPU.Build.0 = Debug|Any CPU
		{BD1DA964-716E-4F93-9F59-EEF6515E4213}.Release|Any CPU.ActiveCfg = Release|Any CPU
		{BD1DA964-716E-4F93-9F59-EEF6515E4213}.Release|Any CPU.Build.0 = Release|Any CPU
		{EE43759D-C302-4502-BF0F-502C86197158}.Debug|Any CPU.ActiveCfg = Debug|Any CPU
		{EE43759D-C302-4502-BF0F-502C86197158}.Debug|Any CPU.Build.0 = Debug|Any CPU
		{EE43759D-C302-4502-BF0F-502C86197158}.Release|Any CPU.ActiveCfg = Release|Any CPU
		{EE43759D-C302-4502-BF0F-502C86197158}.Release|Any CPU.Build.0 = Release|Any CPU
		{9ABBD1EB-B89D-4891-B412-565C99D8E59B}.Debug|Any CPU.ActiveCfg = Debug|Any CPU
		{9ABBD1EB-B89D-4891-B412-565C99D8E59B}.Debug|Any CPU.Build.0 = Debug|Any CPU
		{9ABBD1EB-B89D-4891-B412-565C99D8E59B}.Release|Any CPU.ActiveCfg = Release|Any CPU
		{9ABBD1EB-B89D-4891-B412-565C99D8E59B}.Release|Any CPU.Build.0 = Release|Any CPU
		{0F7CE51D-B460-4E19-9466-AE14B8EB2251}.Debug|Any CPU.ActiveCfg = Debug|Any CPU
		{0F7CE51D-B460-4E19-9466-AE14B8EB2251}.Debug|Any CPU.Build.0 = Debug|Any CPU
		{0F7CE51D-B460-4E19-9466-AE14B8EB2251}.Release|Any CPU.ActiveCfg = Release|Any CPU
		{0F7CE51D-B460-4E19-9466-AE14B8EB2251}.Release|Any CPU.Build.0 = Release|Any CPU
	EndGlobalSection
	GlobalSection(SolutionProperties) = preSolution
		HideSolutionNode = FALSE
	EndGlobalSection
	GlobalSection(ExtensibilityGlobals) = postSolution
		SolutionGuid = {8A0204F0-65FA-48C3-84B1-660F672E4629}
	EndGlobalSection
EndGlobal
